
Microsoft Visual Studio Solution File, Format Version 12.00
# Visual Studio 15
VisualStudioVersion = 15.0.28307.329
MinimumVisualStudioVersion = 10.0.40219.1
Project("{FAE04EC0-301F-11D3-BF4B-00C04F79EFBC}") = "Day0-HelloWorld", "Day0-HelloWorld\Day0-HelloWorld.csproj", "{B0A156CC-D7A7-4EBE-9D21-51915E1100FD}"
EndProject
Global
	GlobalSection(SolutionConfigurationPlatforms) = preSolution
		Debug|Any CPU = Debug|Any CPU
		Release|Any CPU = Release|Any CPU
	EndGlobalSection
	GlobalSection(ProjectConfigurationPlatforms) = postSolution
		{B0A156CC-D7A7-4EBE-9D21-51915E1100FD}.Debug|Any CPU.ActiveCfg = Debug|Any CPU
		{B0A156CC-D7A7-4EBE-9D21-51915E1100FD}.Debug|Any CPU.Build.0 = Debug|Any CPU
		{B0A156CC-D7A7-4EBE-9D21-51915E1100FD}.Release|Any CPU.ActiveCfg = Release|Any CPU
		{B0A156CC-D7A7-4EBE-9D21-51915E1100FD}.Release|Any CPU.Build.0 = Release|Any CPU
	EndGlobalSection
	GlobalSection(SolutionProperties) = preSolution
		HideSolutionNode = FALSE
	EndGlobalSection
	GlobalSection(ExtensibilityGlobals) = postSolution
		SolutionGuid = {BBF1EBCF-99B4-4709-8306-208D399DBF13}
	EndGlobalSection
EndGlobal
