
Microsoft Visual Studio Solution File, Format Version 12.00
# Visual Studio 15
VisualStudioVersion = 15.0.28307.329
MinimumVisualStudioVersion = 10.0.40219.1
Project("{FAE04EC0-301F-11D3-BF4B-00C04F79EFBC}") = "Day2-Operators", "Day2-Operators\Day2-Operators.csproj", "{7AC01B73-D378-4FA5-86F5-E2AD892DB657}"
EndProject
Global
	GlobalSection(SolutionConfigurationPlatforms) = preSolution
		Debug|Any CPU = Debug|Any CPU
		Release|Any CPU = Release|Any CPU
	EndGlobalSection
	GlobalSection(ProjectConfigurationPlatforms) = postSolution
		{7AC01B73-D378-4FA5-86F5-E2AD892DB657}.Debug|Any CPU.ActiveCfg = Debug|Any CPU
		{7AC01B73-D378-4FA5-86F5-E2AD892DB657}.Debug|Any CPU.Build.0 = Debug|Any CPU
		{7AC01B73-D378-4FA5-86F5-E2AD892DB657}.Release|Any CPU.ActiveCfg = Release|Any CPU
		{7AC01B73-D378-4FA5-86F5-E2AD892DB657}.Release|Any CPU.Build.0 = Release|Any CPU
	EndGlobalSection
	GlobalSection(SolutionProperties) = preSolution
		HideSolutionNode = FALSE
	EndGlobalSection
	GlobalSection(ExtensibilityGlobals) = postSolution
		SolutionGuid = {44816D57-0213-46B6-A9C0-44DD46FD6024}
	EndGlobalSection
EndGlobal
