
Microsoft Visual Studio Solution File, Format Version 12.00
# Visual Studio 15
VisualStudioVersion = 15.0.27703.1
MinimumVisualStudioVersion = 10.0.40219.1
Project("{FAE04EC0-301F-11D3-BF4B-00C04F79EFBC}") = "FactorsOfANumber", "FactorsOfANumber\FactorsOfANumber.csproj", "{127DA2AE-5656-481B-9B7D-2141BEA0869C}"
EndProject
Global
	GlobalSection(SolutionConfigurationPlatforms) = preSolution
		Debug|Any CPU = Debug|Any CPU
		Release|Any CPU = Release|Any CPU
	EndGlobalSection
	GlobalSection(ProjectConfigurationPlatforms) = postSolution
		{127DA2AE-5656-481B-9B7D-2141BEA0869C}.Debug|Any CPU.ActiveCfg = Debug|Any CPU
		{127DA2AE-5656-481B-9B7D-2141BEA0869C}.Debug|Any CPU.Build.0 = Debug|Any CPU
		{127DA2AE-5656-481B-9B7D-2141BEA0869C}.Release|Any CPU.ActiveCfg = Release|Any CPU
		{127DA2AE-5656-481B-9B7D-2141BEA0869C}.Release|Any CPU.Build.0 = Release|Any CPU
	EndGlobalSection
	GlobalSection(SolutionProperties) = preSolution
		HideSolutionNode = FALSE
	EndGlobalSection
	GlobalSection(ExtensibilityGlobals) = postSolution
		SolutionGuid = {D84D0526-8445-4E5B-ACC1-92F364DB5C6A}
	EndGlobalSection
EndGlobal
