
Microsoft Visual Studio Solution File, Format Version 12.00
# Visual Studio 15
VisualStudioVersion = 15.0.28307.329
MinimumVisualStudioVersion = 10.0.40219.1
Project("{FAE04EC0-301F-11D3-BF4B-00C04F79EFBC}") = "Day5-Loops", "Day5-Loops\Day5-Loops.csproj", "{B9DFBA14-7E03-4CA5-A8B0-09B897E6295E}"
EndProject
Global
	GlobalSection(SolutionConfigurationPlatforms) = preSolution
		Debug|Any CPU = Debug|Any CPU
		Release|Any CPU = Release|Any CPU
	EndGlobalSection
	GlobalSection(ProjectConfigurationPlatforms) = postSolution
		{B9DFBA14-7E03-4CA5-A8B0-09B897E6295E}.Debug|Any CPU.ActiveCfg = Debug|Any CPU
		{B9DFBA14-7E03-4CA5-A8B0-09B897E6295E}.Debug|Any CPU.Build.0 = Debug|Any CPU
		{B9DFBA14-7E03-4CA5-A8B0-09B897E6295E}.Release|Any CPU.ActiveCfg = Release|Any CPU
		{B9DFBA14-7E03-4CA5-A8B0-09B897E6295E}.Release|Any CPU.Build.0 = Release|Any CPU
	EndGlobalSection
	GlobalSection(SolutionProperties) = preSolution
		HideSolutionNode = FALSE
	EndGlobalSection
	GlobalSection(ExtensibilityGlobals) = postSolution
		SolutionGuid = {BD10CDEE-6E8F-44A4-B401-3B2603D43CD9}
	EndGlobalSection
EndGlobal
