
Microsoft Visual Studio Solution File, Format Version 12.00
# Visual Studio 15
VisualStudioVersion = 15.0.27703.1
MinimumVisualStudioVersion = 10.0.40219.1
Project("{FAE04EC0-301F-11D3-BF4B-00C04F79EFBC}") = "OperatorOverloadingExample", "OperatorOverloadingExample\OperatorOverloadingExample.csproj", "{C5D98621-B750-46F7-A173-768D0874D264}"
EndProject
Global
	GlobalSection(SolutionConfigurationPlatforms) = preSolution
		Debug|Any CPU = Debug|Any CPU
		Release|Any CPU = Release|Any CPU
	EndGlobalSection
	GlobalSection(ProjectConfigurationPlatforms) = postSolution
		{C5D98621-B750-46F7-A173-768D0874D264}.Debug|Any CPU.ActiveCfg = Debug|Any CPU
		{C5D98621-B750-46F7-A173-768D0874D264}.Debug|Any CPU.Build.0 = Debug|Any CPU
		{C5D98621-B750-46F7-A173-768D0874D264}.Release|Any CPU.ActiveCfg = Release|Any CPU
		{C5D98621-B750-46F7-A173-768D0874D264}.Release|Any CPU.Build.0 = Release|Any CPU
	EndGlobalSection
	GlobalSection(SolutionProperties) = preSolution
		HideSolutionNode = FALSE
	EndGlobalSection
	GlobalSection(ExtensibilityGlobals) = postSolution
		SolutionGuid = {25F69996-615B-4713-BE91-DE4403097649}
	EndGlobalSection
EndGlobal
