
Microsoft Visual Studio Solution File, Format Version 12.00
# Visual Studio 15
VisualStudioVersion = 15.0.28307.329
MinimumVisualStudioVersion = 10.0.40219.1
Project("{FAE04EC0-301F-11D3-BF4B-00C04F79EFBC}") = "ArmstrongNumbers", "ArmstrongNumbers\ArmstrongNumbers.csproj", "{67DAAB24-9B20-4869-9BA5-AD114DC17AE1}"
EndProject
Global
	GlobalSection(SolutionConfigurationPlatforms) = preSolution
		Debug|Any CPU = Debug|Any CPU
		Release|Any CPU = Release|Any CPU
	EndGlobalSection
	GlobalSection(ProjectConfigurationPlatforms) = postSolution
		{67DAAB24-9B20-4869-9BA5-AD114DC17AE1}.Debug|Any CPU.ActiveCfg = Debug|Any CPU
		{67DAAB24-9B20-4869-9BA5-AD114DC17AE1}.Debug|Any CPU.Build.0 = Debug|Any CPU
		{67DAAB24-9B20-4869-9BA5-AD114DC17AE1}.Release|Any CPU.ActiveCfg = Release|Any CPU
		{67DAAB24-9B20-4869-9BA5-AD114DC17AE1}.Release|Any CPU.Build.0 = Release|Any CPU
	EndGlobalSection
	GlobalSection(SolutionProperties) = preSolution
		HideSolutionNode = FALSE
	EndGlobalSection
	GlobalSection(ExtensibilityGlobals) = postSolution
		SolutionGuid = {0C62264C-10A4-4C0A-ADF7-E5D2C20F61F8}
	EndGlobalSection
EndGlobal
