
Microsoft Visual Studio Solution File, Format Version 12.00
# Visual Studio 15
VisualStudioVersion = 15.0.27703.1
MinimumVisualStudioVersion = 10.0.40219.1
Project("{FAE04EC0-301F-11D3-BF4B-00C04F79EFBC}") = "AnagramStrings", "AnagramStrings\AnagramStrings.csproj", "{211FA8F7-815F-4576-B94B-67B8B1DED78A}"
EndProject
Global
	GlobalSection(SolutionConfigurationPlatforms) = preSolution
		Debug|Any CPU = Debug|Any CPU
		Release|Any CPU = Release|Any CPU
	EndGlobalSection
	GlobalSection(ProjectConfigurationPlatforms) = postSolution
		{211FA8F7-815F-4576-B94B-67B8B1DED78A}.Debug|Any CPU.ActiveCfg = Debug|Any CPU
		{211FA8F7-815F-4576-B94B-67B8B1DED78A}.Debug|Any CPU.Build.0 = Debug|Any CPU
		{211FA8F7-815F-4576-B94B-67B8B1DED78A}.Release|Any CPU.ActiveCfg = Release|Any CPU
		{211FA8F7-815F-4576-B94B-67B8B1DED78A}.Release|Any CPU.Build.0 = Release|Any CPU
	EndGlobalSection
	GlobalSection(SolutionProperties) = preSolution
		HideSolutionNode = FALSE
	EndGlobalSection
	GlobalSection(ExtensibilityGlobals) = postSolution
		SolutionGuid = {BAD01FCB-E6C8-44A8-A8F0-BD42A0D4F1A7}
	EndGlobalSection
EndGlobal
