
Microsoft Visual Studio Solution File, Format Version 12.00
# Visual Studio 15
VisualStudioVersion = 15.0.28307.329
MinimumVisualStudioVersion = 10.0.40219.1
Project("{FAE04EC0-301F-11D3-BF4B-00C04F79EFBC}") = "Day6-LetsReview", "Day6-LetsReview\Day6-LetsReview.csproj", "{1EF8C7E2-850E-42ED-9F10-884F77A8D84B}"
EndProject
Global
	GlobalSection(SolutionConfigurationPlatforms) = preSolution
		Debug|Any CPU = Debug|Any CPU
		Release|Any CPU = Release|Any CPU
	EndGlobalSection
	GlobalSection(ProjectConfigurationPlatforms) = postSolution
		{1EF8C7E2-850E-42ED-9F10-884F77A8D84B}.Debug|Any CPU.ActiveCfg = Debug|Any CPU
		{1EF8C7E2-850E-42ED-9F10-884F77A8D84B}.Debug|Any CPU.Build.0 = Debug|Any CPU
		{1EF8C7E2-850E-42ED-9F10-884F77A8D84B}.Release|Any CPU.ActiveCfg = Release|Any CPU
		{1EF8C7E2-850E-42ED-9F10-884F77A8D84B}.Release|Any CPU.Build.0 = Release|Any CPU
	EndGlobalSection
	GlobalSection(SolutionProperties) = preSolution
		HideSolutionNode = FALSE
	EndGlobalSection
	GlobalSection(ExtensibilityGlobals) = postSolution
		SolutionGuid = {7F96FC7E-3906-4E3D-91E0-B5B325A9F293}
	EndGlobalSection
EndGlobal
