
Microsoft Visual Studio Solution File, Format Version 12.00
# Visual Studio 15
VisualStudioVersion = 15.0.28307.329
MinimumVisualStudioVersion = 10.0.40219.1
Project("{FAE04EC0-301F-11D3-BF4B-00C04F79EFBC}") = "DrawBoard", "DrawBoard\DrawBoard.csproj", "{6EAD39C1-A09E-4EBA-8F68-1D33722B07D2}"
EndProject
Global
	GlobalSection(SolutionConfigurationPlatforms) = preSolution
		Debug|Any CPU = Debug|Any CPU
		Release|Any CPU = Release|Any CPU
	EndGlobalSection
	GlobalSection(ProjectConfigurationPlatforms) = postSolution
		{6EAD39C1-A09E-4EBA-8F68-1D33722B07D2}.Debug|Any CPU.ActiveCfg = Debug|Any CPU
		{6EAD39C1-A09E-4EBA-8F68-1D33722B07D2}.Debug|Any CPU.Build.0 = Debug|Any CPU
		{6EAD39C1-A09E-4EBA-8F68-1D33722B07D2}.Release|Any CPU.ActiveCfg = Release|Any CPU
		{6EAD39C1-A09E-4EBA-8F68-1D33722B07D2}.Release|Any CPU.Build.0 = Release|Any CPU
	EndGlobalSection
	GlobalSection(SolutionProperties) = preSolution
		HideSolutionNode = FALSE
	EndGlobalSection
	GlobalSection(ExtensibilityGlobals) = postSolution
		SolutionGuid = {B1DAB131-963B-4CD4-B24B-663530D69BE0}
	EndGlobalSection
EndGlobal
