
Microsoft Visual Studio Solution File, Format Version 12.00
# Visual Studio 15
VisualStudioVersion = 15.0.28307.329
MinimumVisualStudioVersion = 10.0.40219.1
Project("{FAE04EC0-301F-11D3-BF4B-00C04F79EFBC}") = "EnumExample", "EnumExample\EnumExample.csproj", "{B6C62D18-8EE4-4283-8B60-465E1E601262}"
EndProject
Global
	GlobalSection(SolutionConfigurationPlatforms) = preSolution
		Debug|Any CPU = Debug|Any CPU
		Release|Any CPU = Release|Any CPU
	EndGlobalSection
	GlobalSection(ProjectConfigurationPlatforms) = postSolution
		{B6C62D18-8EE4-4283-8B60-465E1E601262}.Debug|Any CPU.ActiveCfg = Debug|Any CPU
		{B6C62D18-8EE4-4283-8B60-465E1E601262}.Debug|Any CPU.Build.0 = Debug|Any CPU
		{B6C62D18-8EE4-4283-8B60-465E1E601262}.Release|Any CPU.ActiveCfg = Release|Any CPU
		{B6C62D18-8EE4-4283-8B60-465E1E601262}.Release|Any CPU.Build.0 = Release|Any CPU
	EndGlobalSection
	GlobalSection(SolutionProperties) = preSolution
		HideSolutionNode = FALSE
	EndGlobalSection
	GlobalSection(ExtensibilityGlobals) = postSolution
		SolutionGuid = {982E0CFA-F30B-447E-895A-F28E3C6CCAEF}
	EndGlobalSection
EndGlobal
