
Microsoft Visual Studio Solution File, Format Version 12.00
# Visual Studio 15
VisualStudioVersion = 15.0.28307.329
MinimumVisualStudioVersion = 10.0.40219.1
Project("{FAE04EC0-301F-11D3-BF4B-00C04F79EFBC}") = "Day19-Interfaces", "Day19-Interfaces\Day19-Interfaces.csproj", "{0C86CB5F-844F-439F-8C7C-AB8BE3D9B697}"
EndProject
Global
	GlobalSection(SolutionConfigurationPlatforms) = preSolution
		Debug|Any CPU = Debug|Any CPU
		Release|Any CPU = Release|Any CPU
	EndGlobalSection
	GlobalSection(ProjectConfigurationPlatforms) = postSolution
		{0C86CB5F-844F-439F-8C7C-AB8BE3D9B697}.Debug|Any CPU.ActiveCfg = Debug|Any CPU
		{0C86CB5F-844F-439F-8C7C-AB8BE3D9B697}.Debug|Any CPU.Build.0 = Debug|Any CPU
		{0C86CB5F-844F-439F-8C7C-AB8BE3D9B697}.Release|Any CPU.ActiveCfg = Release|Any CPU
		{0C86CB5F-844F-439F-8C7C-AB8BE3D9B697}.Release|Any CPU.Build.0 = Release|Any CPU
	EndGlobalSection
	GlobalSection(SolutionProperties) = preSolution
		HideSolutionNode = FALSE
	EndGlobalSection
	GlobalSection(ExtensibilityGlobals) = postSolution
		SolutionGuid = {9B02673E-875B-4FD3-A9D1-3B589492E579}
	EndGlobalSection
EndGlobal
