
Microsoft Visual Studio Solution File, Format Version 12.00
# Visual Studio 15
VisualStudioVersion = 15.0.28307.329
MinimumVisualStudioVersion = 10.0.40219.1
Project("{FAE04EC0-301F-11D3-BF4B-00C04F79EFBC}") = "Day8-DictionariesAndMaps", "Day8-DictionariesAndMaps\Day8-DictionariesAndMaps.csproj", "{D8D0A9F6-396E-4191-A6A2-0D45D38310FF}"
EndProject
Global
	GlobalSection(SolutionConfigurationPlatforms) = preSolution
		Debug|Any CPU = Debug|Any CPU
		Release|Any CPU = Release|Any CPU
	EndGlobalSection
	GlobalSection(ProjectConfigurationPlatforms) = postSolution
		{D8D0A9F6-396E-4191-A6A2-0D45D38310FF}.Debug|Any CPU.ActiveCfg = Debug|Any CPU
		{D8D0A9F6-396E-4191-A6A2-0D45D38310FF}.Debug|Any CPU.Build.0 = Debug|Any CPU
		{D8D0A9F6-396E-4191-A6A2-0D45D38310FF}.Release|Any CPU.ActiveCfg = Release|Any CPU
		{D8D0A9F6-396E-4191-A6A2-0D45D38310FF}.Release|Any CPU.Build.0 = Release|Any CPU
	EndGlobalSection
	GlobalSection(SolutionProperties) = preSolution
		HideSolutionNode = FALSE
	EndGlobalSection
	GlobalSection(ExtensibilityGlobals) = postSolution
		SolutionGuid = {13F6BC88-1C1C-4352-9966-A6CF975DB81E}
	EndGlobalSection
EndGlobal
