
Microsoft Visual Studio Solution File, Format Version 12.00
# Visual Studio 15
VisualStudioVersion = 15.0.28307.329
MinimumVisualStudioVersion = 10.0.40219.1
Project("{FAE04EC0-301F-11D3-BF4B-00C04F79EFBC}") = "CheckPasswordAlgorithm", "CheckPasswordAlgorithm\CheckPasswordAlgorithm.csproj", "{BFFEE8B2-1BFC-4CE1-836C-F9294D9532A8}"
EndProject
Global
	GlobalSection(SolutionConfigurationPlatforms) = preSolution
		Debug|Any CPU = Debug|Any CPU
		Release|Any CPU = Release|Any CPU
	EndGlobalSection
	GlobalSection(ProjectConfigurationPlatforms) = postSolution
		{BFFEE8B2-1BFC-4CE1-836C-F9294D9532A8}.Debug|Any CPU.ActiveCfg = Debug|Any CPU
		{BFFEE8B2-1BFC-4CE1-836C-F9294D9532A8}.Debug|Any CPU.Build.0 = Debug|Any CPU
		{BFFEE8B2-1BFC-4CE1-836C-F9294D9532A8}.Release|Any CPU.ActiveCfg = Release|Any CPU
		{BFFEE8B2-1BFC-4CE1-836C-F9294D9532A8}.Release|Any CPU.Build.0 = Release|Any CPU
	EndGlobalSection
	GlobalSection(SolutionProperties) = preSolution
		HideSolutionNode = FALSE
	EndGlobalSection
	GlobalSection(ExtensibilityGlobals) = postSolution
		SolutionGuid = {BEDDE7BC-A185-4022-AAA1-F43B5D2E9269}
	EndGlobalSection
EndGlobal
