
Microsoft Visual Studio Solution File, Format Version 12.00
# Visual Studio 15
VisualStudioVersion = 15.0.27703.1
MinimumVisualStudioVersion = 10.0.40219.1
Project("{FAE04EC0-301F-11D3-BF4B-00C04F79EFBC}") = "TicTacToeBoardChallenge", "TicTacToeBoardChallenge\TicTacToeBoardChallenge.csproj", "{418BBD10-2A56-4CEA-9CA3-0AD5BF79F8AF}"
EndProject
Global
	GlobalSection(SolutionConfigurationPlatforms) = preSolution
		Debug|Any CPU = Debug|Any CPU
		Release|Any CPU = Release|Any CPU
	EndGlobalSection
	GlobalSection(ProjectConfigurationPlatforms) = postSolution
		{418BBD10-2A56-4CEA-9CA3-0AD5BF79F8AF}.Debug|Any CPU.ActiveCfg = Debug|Any CPU
		{418BBD10-2A56-4CEA-9CA3-0AD5BF79F8AF}.Debug|Any CPU.Build.0 = Debug|Any CPU
		{418BBD10-2A56-4CEA-9CA3-0AD5BF79F8AF}.Release|Any CPU.ActiveCfg = Release|Any CPU
		{418BBD10-2A56-4CEA-9CA3-0AD5BF79F8AF}.Release|Any CPU.Build.0 = Release|Any CPU
	EndGlobalSection
	GlobalSection(SolutionProperties) = preSolution
		HideSolutionNode = FALSE
	EndGlobalSection
	GlobalSection(ExtensibilityGlobals) = postSolution
		SolutionGuid = {9BD9F40E-0124-4208-AA41-B4320A36A89B}
	EndGlobalSection
EndGlobal
