
Microsoft Visual Studio Solution File, Format Version 12.00
# Visual Studio 15
VisualStudioVersion = 15.0.28307.329
MinimumVisualStudioVersion = 10.0.40219.1
Project("{FAE04EC0-301F-11D3-BF4B-00C04F79EFBC}") = "RemoveSpecialChars", "RemoveSpecialChars\RemoveSpecialChars.csproj", "{890C55D6-1771-480E-9302-6B38921DC52E}"
EndProject
Global
	GlobalSection(SolutionConfigurationPlatforms) = preSolution
		Debug|Any CPU = Debug|Any CPU
		Release|Any CPU = Release|Any CPU
	EndGlobalSection
	GlobalSection(ProjectConfigurationPlatforms) = postSolution
		{890C55D6-1771-480E-9302-6B38921DC52E}.Debug|Any CPU.ActiveCfg = Debug|Any CPU
		{890C55D6-1771-480E-9302-6B38921DC52E}.Debug|Any CPU.Build.0 = Debug|Any CPU
		{890C55D6-1771-480E-9302-6B38921DC52E}.Release|Any CPU.ActiveCfg = Release|Any CPU
		{890C55D6-1771-480E-9302-6B38921DC52E}.Release|Any CPU.Build.0 = Release|Any CPU
	EndGlobalSection
	GlobalSection(SolutionProperties) = preSolution
		HideSolutionNode = FALSE
	EndGlobalSection
	GlobalSection(ExtensibilityGlobals) = postSolution
		SolutionGuid = {1D37A388-D3EC-4117-B3D6-6A77FD1A77C7}
	EndGlobalSection
EndGlobal
