
Microsoft Visual Studio Solution File, Format Version 12.00
# Visual Studio 15
VisualStudioVersion = 15.0.28307.329
MinimumVisualStudioVersion = 10.0.40219.1
Project("{FAE04EC0-301F-11D3-BF4B-00C04F79EFBC}") = "ReturnRemainder", "ReturnRemainder\ReturnRemainder.csproj", "{77B44787-F173-4F60-8F5F-595FDA8B228F}"
EndProject
Global
	GlobalSection(SolutionConfigurationPlatforms) = preSolution
		Debug|Any CPU = Debug|Any CPU
		Release|Any CPU = Release|Any CPU
	EndGlobalSection
	GlobalSection(ProjectConfigurationPlatforms) = postSolution
		{77B44787-F173-4F60-8F5F-595FDA8B228F}.Debug|Any CPU.ActiveCfg = Debug|Any CPU
		{77B44787-F173-4F60-8F5F-595FDA8B228F}.Debug|Any CPU.Build.0 = Debug|Any CPU
		{77B44787-F173-4F60-8F5F-595FDA8B228F}.Release|Any CPU.ActiveCfg = Release|Any CPU
		{77B44787-F173-4F60-8F5F-595FDA8B228F}.Release|Any CPU.Build.0 = Release|Any CPU
	EndGlobalSection
	GlobalSection(SolutionProperties) = preSolution
		HideSolutionNode = FALSE
	EndGlobalSection
	GlobalSection(ExtensibilityGlobals) = postSolution
		SolutionGuid = {BB34D9F2-5834-443A-8CD4-0553E49D2BEC}
	EndGlobalSection
EndGlobal
