
Microsoft Visual Studio Solution File, Format Version 12.00
# Visual Studio 15
VisualStudioVersion = 15.0.28307.329
MinimumVisualStudioVersion = 10.0.40219.1
Project("{FAE04EC0-301F-11D3-BF4B-00C04F79EFBC}") = "InsertionSortingProgram", "InsertionSortingProgram\InsertionSortingProgram.csproj", "{29D9FA7A-1CDA-4E51-8B5F-613A81459F28}"
EndProject
Global
	GlobalSection(SolutionConfigurationPlatforms) = preSolution
		Debug|Any CPU = Debug|Any CPU
		Release|Any CPU = Release|Any CPU
	EndGlobalSection
	GlobalSection(ProjectConfigurationPlatforms) = postSolution
		{29D9FA7A-1CDA-4E51-8B5F-613A81459F28}.Debug|Any CPU.ActiveCfg = Debug|Any CPU
		{29D9FA7A-1CDA-4E51-8B5F-613A81459F28}.Debug|Any CPU.Build.0 = Debug|Any CPU
		{29D9FA7A-1CDA-4E51-8B5F-613A81459F28}.Release|Any CPU.ActiveCfg = Release|Any CPU
		{29D9FA7A-1CDA-4E51-8B5F-613A81459F28}.Release|Any CPU.Build.0 = Release|Any CPU
	EndGlobalSection
	GlobalSection(SolutionProperties) = preSolution
		HideSolutionNode = FALSE
	EndGlobalSection
	GlobalSection(ExtensibilityGlobals) = postSolution
		SolutionGuid = {904AD941-1017-454F-B25F-A28250B308B8}
	EndGlobalSection
EndGlobal
