
Microsoft Visual Studio Solution File, Format Version 12.00
# Visual Studio 15
VisualStudioVersion = 15.0.27703.1
MinimumVisualStudioVersion = 10.0.40219.1
Project("{FAE04EC0-301F-11D3-BF4B-00C04F79EFBC}") = "PalindromeStrings", "PalindromeStrings\PalindromeStrings.csproj", "{A8060C21-BFD3-40F3-8957-5C88840B02A5}"
EndProject
Global
	GlobalSection(SolutionConfigurationPlatforms) = preSolution
		Debug|Any CPU = Debug|Any CPU
		Release|Any CPU = Release|Any CPU
	EndGlobalSection
	GlobalSection(ProjectConfigurationPlatforms) = postSolution
		{A8060C21-BFD3-40F3-8957-5C88840B02A5}.Debug|Any CPU.ActiveCfg = Debug|Any CPU
		{A8060C21-BFD3-40F3-8957-5C88840B02A5}.Debug|Any CPU.Build.0 = Debug|Any CPU
		{A8060C21-BFD3-40F3-8957-5C88840B02A5}.Release|Any CPU.ActiveCfg = Release|Any CPU
		{A8060C21-BFD3-40F3-8957-5C88840B02A5}.Release|Any CPU.Build.0 = Release|Any CPU
	EndGlobalSection
	GlobalSection(SolutionProperties) = preSolution
		HideSolutionNode = FALSE
	EndGlobalSection
	GlobalSection(ExtensibilityGlobals) = postSolution
		SolutionGuid = {C12F8ADF-2F40-45F2-9513-C2DC58E3839E}
	EndGlobalSection
EndGlobal
