
Microsoft Visual Studio Solution File, Format Version 12.00
# Visual Studio 15
VisualStudioVersion = 15.0.27703.1
MinimumVisualStudioVersion = 10.0.40219.1
Project("{FAE04EC0-301F-11D3-BF4B-00C04F79EFBC}") = "StringReverse", "StringReverse\StringReverse.csproj", "{B615172C-931C-4AD3-8309-B13456F0F8FB}"
EndProject
Global
	GlobalSection(SolutionConfigurationPlatforms) = preSolution
		Debug|Any CPU = Debug|Any CPU
		Release|Any CPU = Release|Any CPU
	EndGlobalSection
	GlobalSection(ProjectConfigurationPlatforms) = postSolution
		{B615172C-931C-4AD3-8309-B13456F0F8FB}.Debug|Any CPU.ActiveCfg = Debug|Any CPU
		{B615172C-931C-4AD3-8309-B13456F0F8FB}.Debug|Any CPU.Build.0 = Debug|Any CPU
		{B615172C-931C-4AD3-8309-B13456F0F8FB}.Release|Any CPU.ActiveCfg = Release|Any CPU
		{B615172C-931C-4AD3-8309-B13456F0F8FB}.Release|Any CPU.Build.0 = Release|Any CPU
	EndGlobalSection
	GlobalSection(SolutionProperties) = preSolution
		HideSolutionNode = FALSE
	EndGlobalSection
	GlobalSection(ExtensibilityGlobals) = postSolution
		SolutionGuid = {809E84E9-A1F8-481C-8797-FA6A47CA6203}
	EndGlobalSection
EndGlobal
