
Microsoft Visual Studio Solution File, Format Version 12.00
# Visual Studio 15
VisualStudioVersion = 15.0.28307.329
MinimumVisualStudioVersion = 10.0.40219.1
Project("{FAE04EC0-301F-11D3-BF4B-00C04F79EFBC}") = "ArmstrongNumberAlgorithm", "ArmstrongNumberAlgorithm\ArmstrongNumberAlgorithm.csproj", "{A9632201-3DD0-4BF1-8B6C-E6B03E14F02C}"
EndProject
Global
	GlobalSection(SolutionConfigurationPlatforms) = preSolution
		Debug|Any CPU = Debug|Any CPU
		Release|Any CPU = Release|Any CPU
	EndGlobalSection
	GlobalSection(ProjectConfigurationPlatforms) = postSolution
		{A9632201-3DD0-4BF1-8B6C-E6B03E14F02C}.Debug|Any CPU.ActiveCfg = Debug|Any CPU
		{A9632201-3DD0-4BF1-8B6C-E6B03E14F02C}.Debug|Any CPU.Build.0 = Debug|Any CPU
		{A9632201-3DD0-4BF1-8B6C-E6B03E14F02C}.Release|Any CPU.ActiveCfg = Release|Any CPU
		{A9632201-3DD0-4BF1-8B6C-E6B03E14F02C}.Release|Any CPU.Build.0 = Release|Any CPU
	EndGlobalSection
	GlobalSection(SolutionProperties) = preSolution
		HideSolutionNode = FALSE
	EndGlobalSection
	GlobalSection(ExtensibilityGlobals) = postSolution
		SolutionGuid = {B82D389C-4687-4853-9110-D782B7902E09}
	EndGlobalSection
EndGlobal
