
Microsoft Visual Studio Solution File, Format Version 12.00
# Visual Studio 15
VisualStudioVersion = 15.0.27703.1
MinimumVisualStudioVersion = 10.0.40219.1
Project("{FAE04EC0-301F-11D3-BF4B-00C04F79EFBC}") = "FindDuplicatesChallenge", "FindDuplicatesChallenge\FindDuplicatesChallenge.csproj", "{AC1AD628-1EB6-404D-9FCD-9DB549B7AF5A}"
EndProject
Global
	GlobalSection(SolutionConfigurationPlatforms) = preSolution
		Debug|Any CPU = Debug|Any CPU
		Release|Any CPU = Release|Any CPU
	EndGlobalSection
	GlobalSection(ProjectConfigurationPlatforms) = postSolution
		{AC1AD628-1EB6-404D-9FCD-9DB549B7AF5A}.Debug|Any CPU.ActiveCfg = Debug|Any CPU
		{AC1AD628-1EB6-404D-9FCD-9DB549B7AF5A}.Debug|Any CPU.Build.0 = Debug|Any CPU
		{AC1AD628-1EB6-404D-9FCD-9DB549B7AF5A}.Release|Any CPU.ActiveCfg = Release|Any CPU
		{AC1AD628-1EB6-404D-9FCD-9DB549B7AF5A}.Release|Any CPU.Build.0 = Release|Any CPU
	EndGlobalSection
	GlobalSection(SolutionProperties) = preSolution
		HideSolutionNode = FALSE
	EndGlobalSection
	GlobalSection(ExtensibilityGlobals) = postSolution
		SolutionGuid = {4AF0C79B-46E7-4D79-A309-12A5138C0E0A}
	EndGlobalSection
EndGlobal
